
Microsoft Visual Studio Solution File, Format Version 12.00
# Visual Studio Version 17
VisualStudioVersion = 17.0.32014.148
MinimumVisualStudioVersion = 10.0.40219.1
Project("{FAE04EC0-301F-11D3-BF4B-00C04F79EFBC}") = "NewStore", "NewStore.csproj", "{57451BD5-F8CB-4672-B7FB-D220FDE6B92B}"
EndProject
Global
	GlobalSection(SolutionConfigurationPlatforms) = preSolution
		Debug|Any CPU = Debug|Any CPU
		Release|Any CPU = Release|Any CPU
	EndGlobalSection
	GlobalSection(ProjectConfigurationPlatforms) = postSolution
		{57451BD5-F8CB-4672-B7FB-D220FDE6B92B}.Debug|Any CPU.ActiveCfg = Debug|Any CPU
		{57451BD5-F8CB-4672-B7FB-D220FDE6B92B}.Debug|Any CPU.Build.0 = Debug|Any CPU
		{57451BD5-F8CB-4672-B7FB-D220FDE6B92B}.Release|Any CPU.ActiveCfg = Release|Any CPU
		{57451BD5-F8CB-4672-B7FB-D220FDE6B92B}.Release|Any CPU.Build.0 = Release|Any CPU
	EndGlobalSection
	GlobalSection(SolutionProperties) = preSolution
		HideSolutionNode = FALSE
	EndGlobalSection
	GlobalSection(ExtensibilityGlobals) = postSolution
		SolutionGuid = {8ED2757A-5947-48DE-A63A-4D9CE659B2A9}
	EndGlobalSection
EndGlobal
